
Microsoft Visual Studio Solution File, Format Version 12.00
# Visual Studio Version 17
VisualStudioVersion = 17.5.33516.290
MinimumVisualStudioVersion = 10.0.40219.1
Project("{FAE04EC0-301F-11D3-BF4B-00C04F79EFBC}") = "WebFormsKargoTakip", "WebFormsKargoTakip\WebFormsKargoTakip.csproj", "{E97E9E74-8D82-41C9-B10D-B9B1CF290F2E}"
EndProject
Global
	GlobalSection(SolutionConfigurationPlatforms) = preSolution
		Debug|Any CPU = Debug|Any CPU
		Release|Any CPU = Release|Any CPU
	EndGlobalSection
	GlobalSection(ProjectConfigurationPlatforms) = postSolution
		{E97E9E74-8D82-41C9-B10D-B9B1CF290F2E}.Debug|Any CPU.ActiveCfg = Debug|Any CPU
		{E97E9E74-8D82-41C9-B10D-B9B1CF290F2E}.Debug|Any CPU.Build.0 = Debug|Any CPU
		{E97E9E74-8D82-41C9-B10D-B9B1CF290F2E}.Release|Any CPU.ActiveCfg = Release|Any CPU
		{E97E9E74-8D82-41C9-B10D-B9B1CF290F2E}.Release|Any CPU.Build.0 = Release|Any CPU
	EndGlobalSection
	GlobalSection(SolutionProperties) = preSolution
		HideSolutionNode = FALSE
	EndGlobalSection
	GlobalSection(ExtensibilityGlobals) = postSolution
		SolutionGuid = {CB7048A0-7118-4141-9C12-6DB82E62D253}
	EndGlobalSection
EndGlobal
